
Microsoft Visual Studio Solution File, Format Version 12.00
# Visual Studio 15
VisualStudioVersion = 15.0.28307.1259
MinimumVisualStudioVersion = 10.0.40219.1
Project("{8BC9CEB8-8B4A-11D0-8D11-00A0C91BC942}") = "BinValueViewer", "BinValueViewer\BinValueViewer.vcxproj", "{B15B4681-FCB7-4BA9-8A3E-78EDC1E6EE37}"
EndProject
Global
	GlobalSection(SolutionConfigurationPlatforms) = preSolution
		Debug|x64 = Debug|x64
		Debug|x86 = Debug|x86
		Release|x64 = Release|x64
		Release|x86 = Release|x86
	EndGlobalSection
	GlobalSection(ProjectConfigurationPlatforms) = postSolution
		{B15B4681-FCB7-4BA9-8A3E-78EDC1E6EE37}.Debug|x64.ActiveCfg = Debug|x64
		{B15B4681-FCB7-4BA9-8A3E-78EDC1E6EE37}.Debug|x64.Build.0 = Debug|x64
		{B15B4681-FCB7-4BA9-8A3E-78EDC1E6EE37}.Debug|x86.ActiveCfg = Debug|Win32
		{B15B4681-FCB7-4BA9-8A3E-78EDC1E6EE37}.Debug|x86.Build.0 = Debug|Win32
		{B15B4681-FCB7-4BA9-8A3E-78EDC1E6EE37}.Release|x64.ActiveCfg = Release|x64
		{B15B4681-FCB7-4BA9-8A3E-78EDC1E6EE37}.Release|x64.Build.0 = Release|x64
		{B15B4681-FCB7-4BA9-8A3E-78EDC1E6EE37}.Release|x86.ActiveCfg = Release|Win32
		{B15B4681-FCB7-4BA9-8A3E-78EDC1E6EE37}.Release|x86.Build.0 = Release|Win32
	EndGlobalSection
	GlobalSection(SolutionProperties) = preSolution
		HideSolutionNode = FALSE
	EndGlobalSection
	GlobalSection(ExtensibilityGlobals) = postSolution
		SolutionGuid = {A8D20AF6-CBC9-4DAC-900D-2775BF0B7EB3}
	EndGlobalSection
EndGlobal
